
Microsoft Visual Studio Solution File, Format Version 12.00
# Visual Studio Version 16
VisualStudioVersion = 16.0.30907.101
MinimumVisualStudioVersion = 10.0.40219.1
Project("{FAE04EC0-301F-11D3-BF4B-00C04F79EFBC}") = "Tarea1", "Tarea1.csproj", "{831463F4-D44F-4CEA-9842-FED9A3BFC43E}"
EndProject
Global
	GlobalSection(SolutionConfigurationPlatforms) = preSolution
		Debug|Any CPU = Debug|Any CPU
		Release|Any CPU = Release|Any CPU
	EndGlobalSection
	GlobalSection(ProjectConfigurationPlatforms) = postSolution
		{831463F4-D44F-4CEA-9842-FED9A3BFC43E}.Debug|Any CPU.ActiveCfg = Debug|Any CPU
		{831463F4-D44F-4CEA-9842-FED9A3BFC43E}.Debug|Any CPU.Build.0 = Debug|Any CPU
		{831463F4-D44F-4CEA-9842-FED9A3BFC43E}.Release|Any CPU.ActiveCfg = Release|Any CPU
		{831463F4-D44F-4CEA-9842-FED9A3BFC43E}.Release|Any CPU.Build.0 = Release|Any CPU
	EndGlobalSection
	GlobalSection(SolutionProperties) = preSolution
		HideSolutionNode = FALSE
	EndGlobalSection
	GlobalSection(ExtensibilityGlobals) = postSolution
		SolutionGuid = {6E66CC48-A040-4147-A37A-FE73A473D671}
	EndGlobalSection
EndGlobal
